
Microsoft Visual Studio Solution File, Format Version 12.00
# Visual Studio Version 16
VisualStudioVersion = 16.0.32428.217
MinimumVisualStudioVersion = 10.0.40219.1
Project("{2150E333-8FDC-42A3-9474-1A3956D46DE8}") = "CMakePredefinedTargets", "CMakePredefinedTargets", "{7BA49EB3-AD22-3430-AA95-6A4DB452D71F}"
EndProject
Project("{2150E333-8FDC-42A3-9474-1A3956D46DE8}") = "GLFW3", "GLFW3", "{ABF26B5B-68A9-3C76-BD74-A785C4202E34}"
EndProject
Project("{8BC9CEB8-8B4A-11D0-8D11-00A0C91BC942}") = "ALL_BUILD", "ALL_BUILD.vcxproj", "{A9093D44-F688-32AD-9D05-89F78D156019}"
	ProjectSection(ProjectDependencies) = postProject
		{4538FA0C-5346-3307-BDDB-F90075FAB802} = {4538FA0C-5346-3307-BDDB-F90075FAB802}
		{A8CDAE15-6B48-3C08-B458-9E11F9283BAC} = {A8CDAE15-6B48-3C08-B458-9E11F9283BAC}
		{1F01D417-2283-326A-A9D1-549E14BE0F1D} = {1F01D417-2283-326A-A9D1-549E14BE0F1D}
		{E2BA2A2D-F7B6-3799-AF20-BB2474A315AC} = {E2BA2A2D-F7B6-3799-AF20-BB2474A315AC}
		{1611FC2D-8BF7-3F15-8058-41C192E98138} = {1611FC2D-8BF7-3F15-8058-41C192E98138}
		{3FADE12E-309A-3523-826D-C4CF41085D9E} = {3FADE12E-309A-3523-826D-C4CF41085D9E}
		{F3B45C31-1F09-3E6C-86C9-278C55C4DCDD} = {F3B45C31-1F09-3E6C-86C9-278C55C4DCDD}
		{9C3D2D38-E183-3A09-AA13-3C5E10E09AD4} = {9C3D2D38-E183-3A09-AA13-3C5E10E09AD4}
		{7B47C457-22D8-3131-AD59-15DA265FFA38} = {7B47C457-22D8-3131-AD59-15DA265FFA38}
		{96595360-F02B-31E8-A17E-550CB0271139} = {96595360-F02B-31E8-A17E-550CB0271139}
		{C6129166-7B44-3827-854E-7539CFBAEC2A} = {C6129166-7B44-3827-854E-7539CFBAEC2A}
		{DDC1507B-9DD3-37DB-B650-222CB58B9515} = {DDC1507B-9DD3-37DB-B650-222CB58B9515}
		{DE122788-322A-31AA-B5BA-3D88812022A2} = {DE122788-322A-31AA-B5BA-3D88812022A2}
		{CFAEBE8B-0910-3AC8-8370-8E962C5AEB52} = {CFAEBE8B-0910-3AC8-8370-8E962C5AEB52}
		{530623A4-7917-363A-8A15-FD5772AEA1D7} = {530623A4-7917-363A-8A15-FD5772AEA1D7}
		{FDC809A5-69B2-3B58-8961-3DC131F23CD7} = {FDC809A5-69B2-3B58-8961-3DC131F23CD7}
		{225CC2A8-1995-3687-A595-A0AB62EC736B} = {225CC2A8-1995-3687-A595-A0AB62EC736B}
		{2D2E36AB-0F3F-3542-BE52-D2CFBEA8FA25} = {2D2E36AB-0F3F-3542-BE52-D2CFBEA8FA25}
		{A977E3B6-695E-3DAB-8772-9AB3EC097DD8} = {A977E3B6-695E-3DAB-8772-9AB3EC097DD8}
		{644C23BD-554B-3B01-96BA-91007A890882} = {644C23BD-554B-3B01-96BA-91007A890882}
		{28F159C7-FD92-3C90-9F66-A9B5D89E1729} = {28F159C7-FD92-3C90-9F66-A9B5D89E1729}
		{997E7AD5-51B5-3DE7-B2F2-8E4ADD87CFBB} = {997E7AD5-51B5-3DE7-B2F2-8E4ADD87CFBB}
		{F4FD88D7-1DBF-3750-99D3-644612D10283} = {F4FD88D7-1DBF-3750-99D3-644612D10283}
		{A0AFFCEC-F342-35C1-BC95-A8CA39B67DD8} = {A0AFFCEC-F342-35C1-BC95-A8CA39B67DD8}
	EndProjectSection
EndProject
Project("{8BC9CEB8-8B4A-11D0-8D11-00A0C91BC942}") = "INSTALL", "INSTALL.vcxproj", "{C513D0A4-4DAD-34AC-91A1-70ADF0A66161}"
	ProjectSection(ProjectDependencies) = postProject
		{4538FA0C-5346-3307-BDDB-F90075FAB802} = {4538FA0C-5346-3307-BDDB-F90075FAB802}
		{A8CDAE15-6B48-3C08-B458-9E11F9283BAC} = {A8CDAE15-6B48-3C08-B458-9E11F9283BAC}
		{1F01D417-2283-326A-A9D1-549E14BE0F1D} = {1F01D417-2283-326A-A9D1-549E14BE0F1D}
		{E2BA2A2D-F7B6-3799-AF20-BB2474A315AC} = {E2BA2A2D-F7B6-3799-AF20-BB2474A315AC}
		{1611FC2D-8BF7-3F15-8058-41C192E98138} = {1611FC2D-8BF7-3F15-8058-41C192E98138}
		{3FADE12E-309A-3523-826D-C4CF41085D9E} = {3FADE12E-309A-3523-826D-C4CF41085D9E}
		{F3B45C31-1F09-3E6C-86C9-278C55C4DCDD} = {F3B45C31-1F09-3E6C-86C9-278C55C4DCDD}
		{9C3D2D38-E183-3A09-AA13-3C5E10E09AD4} = {9C3D2D38-E183-3A09-AA13-3C5E10E09AD4}
		{A9093D44-F688-32AD-9D05-89F78D156019} = {A9093D44-F688-32AD-9D05-89F78D156019}
		{7B47C457-22D8-3131-AD59-15DA265FFA38} = {7B47C457-22D8-3131-AD59-15DA265FFA38}
		{96595360-F02B-31E8-A17E-550CB0271139} = {96595360-F02B-31E8-A17E-550CB0271139}
		{C6129166-7B44-3827-854E-7539CFBAEC2A} = {C6129166-7B44-3827-854E-7539CFBAEC2A}
		{47A0FF68-F084-37BD-92B1-1FC354E1CC30} = {47A0FF68-F084-37BD-92B1-1FC354E1CC30}
		{DDC1507B-9DD3-37DB-B650-222CB58B9515} = {DDC1507B-9DD3-37DB-B650-222CB58B9515}
		{DE122788-322A-31AA-B5BA-3D88812022A2} = {DE122788-322A-31AA-B5BA-3D88812022A2}
		{CFAEBE8B-0910-3AC8-8370-8E962C5AEB52} = {CFAEBE8B-0910-3AC8-8370-8E962C5AEB52}
		{530623A4-7917-363A-8A15-FD5772AEA1D7} = {530623A4-7917-363A-8A15-FD5772AEA1D7}
		{FDC809A5-69B2-3B58-8961-3DC131F23CD7} = {FDC809A5-69B2-3B58-8961-3DC131F23CD7}
		{225CC2A8-1995-3687-A595-A0AB62EC736B} = {225CC2A8-1995-3687-A595-A0AB62EC736B}
		{2D2E36AB-0F3F-3542-BE52-D2CFBEA8FA25} = {2D2E36AB-0F3F-3542-BE52-D2CFBEA8FA25}
		{A977E3B6-695E-3DAB-8772-9AB3EC097DD8} = {A977E3B6-695E-3DAB-8772-9AB3EC097DD8}
		{88B8C6BC-79D6-3577-B993-8472C2A0FDCF} = {88B8C6BC-79D6-3577-B993-8472C2A0FDCF}
		{644C23BD-554B-3B01-96BA-91007A890882} = {644C23BD-554B-3B01-96BA-91007A890882}
		{7C80B8C1-46F5-3434-A481-3E14B6154158} = {7C80B8C1-46F5-3434-A481-3E14B6154158}
		{28F159C7-FD92-3C90-9F66-A9B5D89E1729} = {28F159C7-FD92-3C90-9F66-A9B5D89E1729}
		{997E7AD5-51B5-3DE7-B2F2-8E4ADD87CFBB} = {997E7AD5-51B5-3DE7-B2F2-8E4ADD87CFBB}
		{F4FD88D7-1DBF-3750-99D3-644612D10283} = {F4FD88D7-1DBF-3750-99D3-644612D10283}
		{A0AFFCEC-F342-35C1-BC95-A8CA39B67DD8} = {A0AFFCEC-F342-35C1-BC95-A8CA39B67DD8}
		{B148F8F7-8C9F-3A0D-9025-95104E611F23} = {B148F8F7-8C9F-3A0D-9025-95104E611F23}
	EndProjectSection
EndProject
Project("{8BC9CEB8-8B4A-11D0-8D11-00A0C91BC942}") = "RUN_TESTS", "RUN_TESTS.vcxproj", "{B148F8F7-8C9F-3A0D-9025-95104E611F23}"
	ProjectSection(ProjectDependencies) = postProject
		{CFAEBE8B-0910-3AC8-8370-8E962C5AEB52} = {CFAEBE8B-0910-3AC8-8370-8E962C5AEB52}
	EndProjectSection
EndProject
Project("{8BC9CEB8-8B4A-11D0-8D11-00A0C91BC942}") = "ZERO_CHECK", "ZERO_CHECK.vcxproj", "{CFAEBE8B-0910-3AC8-8370-8E962C5AEB52}"
EndProject
Project("{8BC9CEB8-8B4A-11D0-8D11-00A0C91BC942}") = "barycenter", "examples\barycenter.vcxproj", "{1611FC2D-8BF7-3F15-8058-41C192E98138}"
	ProjectSection(ProjectDependencies) = postProject
		{CFAEBE8B-0910-3AC8-8370-8E962C5AEB52} = {CFAEBE8B-0910-3AC8-8370-8E962C5AEB52}
		{225CC2A8-1995-3687-A595-A0AB62EC736B} = {225CC2A8-1995-3687-A595-A0AB62EC736B}
	EndProjectSection
EndProject
Project("{8BC9CEB8-8B4A-11D0-8D11-00A0C91BC942}") = "basics", "examples\basics.vcxproj", "{3FADE12E-309A-3523-826D-C4CF41085D9E}"
	ProjectSection(ProjectDependencies) = postProject
		{CFAEBE8B-0910-3AC8-8370-8E962C5AEB52} = {CFAEBE8B-0910-3AC8-8370-8E962C5AEB52}
		{225CC2A8-1995-3687-A595-A0AB62EC736B} = {225CC2A8-1995-3687-A595-A0AB62EC736B}
	EndProjectSection
EndProject
Project("{8BC9CEB8-8B4A-11D0-8D11-00A0C91BC942}") = "curvature", "examples\curvature.vcxproj", "{644C23BD-554B-3B01-96BA-91007A890882}"
	ProjectSection(ProjectDependencies) = postProject
		{A8CDAE15-6B48-3C08-B458-9E11F9283BAC} = {A8CDAE15-6B48-3C08-B458-9E11F9283BAC}
		{9C3D2D38-E183-3A09-AA13-3C5E10E09AD4} = {9C3D2D38-E183-3A09-AA13-3C5E10E09AD4}
		{7B47C457-22D8-3131-AD59-15DA265FFA38} = {7B47C457-22D8-3131-AD59-15DA265FFA38}
		{DE122788-322A-31AA-B5BA-3D88812022A2} = {DE122788-322A-31AA-B5BA-3D88812022A2}
		{CFAEBE8B-0910-3AC8-8370-8E962C5AEB52} = {CFAEBE8B-0910-3AC8-8370-8E962C5AEB52}
		{225CC2A8-1995-3687-A595-A0AB62EC736B} = {225CC2A8-1995-3687-A595-A0AB62EC736B}
		{A977E3B6-695E-3DAB-8772-9AB3EC097DD8} = {A977E3B6-695E-3DAB-8772-9AB3EC097DD8}
	EndProjectSection
EndProject
Project("{8BC9CEB8-8B4A-11D0-8D11-00A0C91BC942}") = "decimation", "examples\decimation.vcxproj", "{C6129166-7B44-3827-854E-7539CFBAEC2A}"
	ProjectSection(ProjectDependencies) = postProject
		{A8CDAE15-6B48-3C08-B458-9E11F9283BAC} = {A8CDAE15-6B48-3C08-B458-9E11F9283BAC}
		{9C3D2D38-E183-3A09-AA13-3C5E10E09AD4} = {9C3D2D38-E183-3A09-AA13-3C5E10E09AD4}
		{7B47C457-22D8-3131-AD59-15DA265FFA38} = {7B47C457-22D8-3131-AD59-15DA265FFA38}
		{DE122788-322A-31AA-B5BA-3D88812022A2} = {DE122788-322A-31AA-B5BA-3D88812022A2}
		{CFAEBE8B-0910-3AC8-8370-8E962C5AEB52} = {CFAEBE8B-0910-3AC8-8370-8E962C5AEB52}
		{225CC2A8-1995-3687-A595-A0AB62EC736B} = {225CC2A8-1995-3687-A595-A0AB62EC736B}
		{A977E3B6-695E-3DAB-8772-9AB3EC097DD8} = {A977E3B6-695E-3DAB-8772-9AB3EC097DD8}
	EndProjectSection
EndProject
Project("{8BC9CEB8-8B4A-11D0-8D11-00A0C91BC942}") = "examples", "examples\examples.vcxproj", "{7C80B8C1-46F5-3434-A481-3E14B6154158}"
	ProjectSection(ProjectDependencies) = postProject
		{1F01D417-2283-326A-A9D1-549E14BE0F1D} = {1F01D417-2283-326A-A9D1-549E14BE0F1D}
		{1611FC2D-8BF7-3F15-8058-41C192E98138} = {1611FC2D-8BF7-3F15-8058-41C192E98138}
		{3FADE12E-309A-3523-826D-C4CF41085D9E} = {3FADE12E-309A-3523-826D-C4CF41085D9E}
		{96595360-F02B-31E8-A17E-550CB0271139} = {96595360-F02B-31E8-A17E-550CB0271139}
		{CFAEBE8B-0910-3AC8-8370-8E962C5AEB52} = {CFAEBE8B-0910-3AC8-8370-8E962C5AEB52}
		{28F159C7-FD92-3C90-9F66-A9B5D89E1729} = {28F159C7-FD92-3C90-9F66-A9B5D89E1729}
	EndProjectSection
EndProject
Project("{8BC9CEB8-8B4A-11D0-8D11-00A0C91BC942}") = "fairing", "examples\fairing.vcxproj", "{DDC1507B-9DD3-37DB-B650-222CB58B9515}"
	ProjectSection(ProjectDependencies) = postProject
		{A8CDAE15-6B48-3C08-B458-9E11F9283BAC} = {A8CDAE15-6B48-3C08-B458-9E11F9283BAC}
		{9C3D2D38-E183-3A09-AA13-3C5E10E09AD4} = {9C3D2D38-E183-3A09-AA13-3C5E10E09AD4}
		{7B47C457-22D8-3131-AD59-15DA265FFA38} = {7B47C457-22D8-3131-AD59-15DA265FFA38}
		{DE122788-322A-31AA-B5BA-3D88812022A2} = {DE122788-322A-31AA-B5BA-3D88812022A2}
		{CFAEBE8B-0910-3AC8-8370-8E962C5AEB52} = {CFAEBE8B-0910-3AC8-8370-8E962C5AEB52}
		{225CC2A8-1995-3687-A595-A0AB62EC736B} = {225CC2A8-1995-3687-A595-A0AB62EC736B}
		{A977E3B6-695E-3DAB-8772-9AB3EC097DD8} = {A977E3B6-695E-3DAB-8772-9AB3EC097DD8}
	EndProjectSection
EndProject
Project("{8BC9CEB8-8B4A-11D0-8D11-00A0C91BC942}") = "glew", "glew.vcxproj", "{9C3D2D38-E183-3A09-AA13-3C5E10E09AD4}"
	ProjectSection(ProjectDependencies) = postProject
		{CFAEBE8B-0910-3AC8-8370-8E962C5AEB52} = {CFAEBE8B-0910-3AC8-8370-8E962C5AEB52}
	EndProjectSection
EndProject
Project("{8BC9CEB8-8B4A-11D0-8D11-00A0C91BC942}") = "glfw", "external\glew\src\glfw.vcxproj", "{A977E3B6-695E-3DAB-8772-9AB3EC097DD8}"
	ProjectSection(ProjectDependencies) = postProject
		{CFAEBE8B-0910-3AC8-8370-8E962C5AEB52} = {CFAEBE8B-0910-3AC8-8370-8E962C5AEB52}
	EndProjectSection
EndProject
Project("{8BC9CEB8-8B4A-11D0-8D11-00A0C91BC942}") = "googletest", "tests\googletest.vcxproj", "{4538FA0C-5346-3307-BDDB-F90075FAB802}"
	ProjectSection(ProjectDependencies) = postProject
		{CFAEBE8B-0910-3AC8-8370-8E962C5AEB52} = {CFAEBE8B-0910-3AC8-8370-8E962C5AEB52}
	EndProjectSection
EndProject
Project("{8BC9CEB8-8B4A-11D0-8D11-00A0C91BC942}") = "gtest_runner", "tests\gtest_runner.vcxproj", "{530623A4-7917-363A-8A15-FD5772AEA1D7}"
	ProjectSection(ProjectDependencies) = postProject
		{4538FA0C-5346-3307-BDDB-F90075FAB802} = {4538FA0C-5346-3307-BDDB-F90075FAB802}
		{CFAEBE8B-0910-3AC8-8370-8E962C5AEB52} = {CFAEBE8B-0910-3AC8-8370-8E962C5AEB52}
		{225CC2A8-1995-3687-A595-A0AB62EC736B} = {225CC2A8-1995-3687-A595-A0AB62EC736B}
	EndProjectSection
EndProject
Project("{8BC9CEB8-8B4A-11D0-8D11-00A0C91BC942}") = "imgui", "external\imgui\imgui.vcxproj", "{DE122788-322A-31AA-B5BA-3D88812022A2}"
	ProjectSection(ProjectDependencies) = postProject
		{CFAEBE8B-0910-3AC8-8370-8E962C5AEB52} = {CFAEBE8B-0910-3AC8-8370-8E962C5AEB52}
	EndProjectSection
EndProject
Project("{8BC9CEB8-8B4A-11D0-8D11-00A0C91BC942}") = "io", "examples\io.vcxproj", "{96595360-F02B-31E8-A17E-550CB0271139}"
	ProjectSection(ProjectDependencies) = postProject
		{CFAEBE8B-0910-3AC8-8370-8E962C5AEB52} = {CFAEBE8B-0910-3AC8-8370-8E962C5AEB52}
		{225CC2A8-1995-3687-A595-A0AB62EC736B} = {225CC2A8-1995-3687-A595-A0AB62EC736B}
	EndProjectSection
EndProject
Project("{8BC9CEB8-8B4A-11D0-8D11-00A0C91BC942}") = "iterators", "examples\iterators.vcxproj", "{1F01D417-2283-326A-A9D1-549E14BE0F1D}"
	ProjectSection(ProjectDependencies) = postProject
		{CFAEBE8B-0910-3AC8-8370-8E962C5AEB52} = {CFAEBE8B-0910-3AC8-8370-8E962C5AEB52}
		{225CC2A8-1995-3687-A595-A0AB62EC736B} = {225CC2A8-1995-3687-A595-A0AB62EC736B}
	EndProjectSection
EndProject
Project("{8BC9CEB8-8B4A-11D0-8D11-00A0C91BC942}") = "mpview", "examples\mpview.vcxproj", "{F4FD88D7-1DBF-3750-99D3-644612D10283}"
	ProjectSection(ProjectDependencies) = postProject
		{A8CDAE15-6B48-3C08-B458-9E11F9283BAC} = {A8CDAE15-6B48-3C08-B458-9E11F9283BAC}
		{9C3D2D38-E183-3A09-AA13-3C5E10E09AD4} = {9C3D2D38-E183-3A09-AA13-3C5E10E09AD4}
		{7B47C457-22D8-3131-AD59-15DA265FFA38} = {7B47C457-22D8-3131-AD59-15DA265FFA38}
		{DE122788-322A-31AA-B5BA-3D88812022A2} = {DE122788-322A-31AA-B5BA-3D88812022A2}
		{CFAEBE8B-0910-3AC8-8370-8E962C5AEB52} = {CFAEBE8B-0910-3AC8-8370-8E962C5AEB52}
		{225CC2A8-1995-3687-A595-A0AB62EC736B} = {225CC2A8-1995-3687-A595-A0AB62EC736B}
		{A977E3B6-695E-3DAB-8772-9AB3EC097DD8} = {A977E3B6-695E-3DAB-8772-9AB3EC097DD8}
	EndProjectSection
EndProject
Project("{8BC9CEB8-8B4A-11D0-8D11-00A0C91BC942}") = "mview", "examples\mview.vcxproj", "{997E7AD5-51B5-3DE7-B2F2-8E4ADD87CFBB}"
	ProjectSection(ProjectDependencies) = postProject
		{A8CDAE15-6B48-3C08-B458-9E11F9283BAC} = {A8CDAE15-6B48-3C08-B458-9E11F9283BAC}
		{9C3D2D38-E183-3A09-AA13-3C5E10E09AD4} = {9C3D2D38-E183-3A09-AA13-3C5E10E09AD4}
		{7B47C457-22D8-3131-AD59-15DA265FFA38} = {7B47C457-22D8-3131-AD59-15DA265FFA38}
		{DE122788-322A-31AA-B5BA-3D88812022A2} = {DE122788-322A-31AA-B5BA-3D88812022A2}
		{CFAEBE8B-0910-3AC8-8370-8E962C5AEB52} = {CFAEBE8B-0910-3AC8-8370-8E962C5AEB52}
		{225CC2A8-1995-3687-A595-A0AB62EC736B} = {225CC2A8-1995-3687-A595-A0AB62EC736B}
		{A977E3B6-695E-3DAB-8772-9AB3EC097DD8} = {A977E3B6-695E-3DAB-8772-9AB3EC097DD8}
	EndProjectSection
EndProject
Project("{8BC9CEB8-8B4A-11D0-8D11-00A0C91BC942}") = "parameterization", "examples\parameterization.vcxproj", "{2D2E36AB-0F3F-3542-BE52-D2CFBEA8FA25}"
	ProjectSection(ProjectDependencies) = postProject
		{A8CDAE15-6B48-3C08-B458-9E11F9283BAC} = {A8CDAE15-6B48-3C08-B458-9E11F9283BAC}
		{9C3D2D38-E183-3A09-AA13-3C5E10E09AD4} = {9C3D2D38-E183-3A09-AA13-3C5E10E09AD4}
		{7B47C457-22D8-3131-AD59-15DA265FFA38} = {7B47C457-22D8-3131-AD59-15DA265FFA38}
		{DE122788-322A-31AA-B5BA-3D88812022A2} = {DE122788-322A-31AA-B5BA-3D88812022A2}
		{CFAEBE8B-0910-3AC8-8370-8E962C5AEB52} = {CFAEBE8B-0910-3AC8-8370-8E962C5AEB52}
		{225CC2A8-1995-3687-A595-A0AB62EC736B} = {225CC2A8-1995-3687-A595-A0AB62EC736B}
		{A977E3B6-695E-3DAB-8772-9AB3EC097DD8} = {A977E3B6-695E-3DAB-8772-9AB3EC097DD8}
	EndProjectSection
EndProject
Project("{8BC9CEB8-8B4A-11D0-8D11-00A0C91BC942}") = "pmp", "src\pmp\pmp.vcxproj", "{225CC2A8-1995-3687-A595-A0AB62EC736B}"
	ProjectSection(ProjectDependencies) = postProject
		{E2BA2A2D-F7B6-3799-AF20-BB2474A315AC} = {E2BA2A2D-F7B6-3799-AF20-BB2474A315AC}
		{CFAEBE8B-0910-3AC8-8370-8E962C5AEB52} = {CFAEBE8B-0910-3AC8-8370-8E962C5AEB52}
	EndProjectSection
EndProject
Project("{8BC9CEB8-8B4A-11D0-8D11-00A0C91BC942}") = "pmp_vis", "src\pmp\visualization\pmp_vis.vcxproj", "{A8CDAE15-6B48-3C08-B458-9E11F9283BAC}"
	ProjectSection(ProjectDependencies) = postProject
		{9C3D2D38-E183-3A09-AA13-3C5E10E09AD4} = {9C3D2D38-E183-3A09-AA13-3C5E10E09AD4}
		{7B47C457-22D8-3131-AD59-15DA265FFA38} = {7B47C457-22D8-3131-AD59-15DA265FFA38}
		{DE122788-322A-31AA-B5BA-3D88812022A2} = {DE122788-322A-31AA-B5BA-3D88812022A2}
		{CFAEBE8B-0910-3AC8-8370-8E962C5AEB52} = {CFAEBE8B-0910-3AC8-8370-8E962C5AEB52}
		{225CC2A8-1995-3687-A595-A0AB62EC736B} = {225CC2A8-1995-3687-A595-A0AB62EC736B}
		{A977E3B6-695E-3DAB-8772-9AB3EC097DD8} = {A977E3B6-695E-3DAB-8772-9AB3EC097DD8}
	EndProjectSection
EndProject
Project("{8BC9CEB8-8B4A-11D0-8D11-00A0C91BC942}") = "properties", "examples\properties.vcxproj", "{28F159C7-FD92-3C90-9F66-A9B5D89E1729}"
	ProjectSection(ProjectDependencies) = postProject
		{CFAEBE8B-0910-3AC8-8370-8E962C5AEB52} = {CFAEBE8B-0910-3AC8-8370-8E962C5AEB52}
		{225CC2A8-1995-3687-A595-A0AB62EC736B} = {225CC2A8-1995-3687-A595-A0AB62EC736B}
	EndProjectSection
EndProject
Project("{8BC9CEB8-8B4A-11D0-8D11-00A0C91BC942}") = "remeshing", "examples\remeshing.vcxproj", "{FDC809A5-69B2-3B58-8961-3DC131F23CD7}"
	ProjectSection(ProjectDependencies) = postProject
		{A8CDAE15-6B48-3C08-B458-9E11F9283BAC} = {A8CDAE15-6B48-3C08-B458-9E11F9283BAC}
		{9C3D2D38-E183-3A09-AA13-3C5E10E09AD4} = {9C3D2D38-E183-3A09-AA13-3C5E10E09AD4}
		{7B47C457-22D8-3131-AD59-15DA265FFA38} = {7B47C457-22D8-3131-AD59-15DA265FFA38}
		{DE122788-322A-31AA-B5BA-3D88812022A2} = {DE122788-322A-31AA-B5BA-3D88812022A2}
		{CFAEBE8B-0910-3AC8-8370-8E962C5AEB52} = {CFAEBE8B-0910-3AC8-8370-8E962C5AEB52}
		{225CC2A8-1995-3687-A595-A0AB62EC736B} = {225CC2A8-1995-3687-A595-A0AB62EC736B}
		{A977E3B6-695E-3DAB-8772-9AB3EC097DD8} = {A977E3B6-695E-3DAB-8772-9AB3EC097DD8}
	EndProjectSection
EndProject
Project("{8BC9CEB8-8B4A-11D0-8D11-00A0C91BC942}") = "rply", "external\rply\rply.vcxproj", "{E2BA2A2D-F7B6-3799-AF20-BB2474A315AC}"
	ProjectSection(ProjectDependencies) = postProject
		{CFAEBE8B-0910-3AC8-8370-8E962C5AEB52} = {CFAEBE8B-0910-3AC8-8370-8E962C5AEB52}
	EndProjectSection
EndProject
Project("{8BC9CEB8-8B4A-11D0-8D11-00A0C91BC942}") = "smoothing", "examples\smoothing.vcxproj", "{A0AFFCEC-F342-35C1-BC95-A8CA39B67DD8}"
	ProjectSection(ProjectDependencies) = postProject
		{A8CDAE15-6B48-3C08-B458-9E11F9283BAC} = {A8CDAE15-6B48-3C08-B458-9E11F9283BAC}
		{9C3D2D38-E183-3A09-AA13-3C5E10E09AD4} = {9C3D2D38-E183-3A09-AA13-3C5E10E09AD4}
		{7B47C457-22D8-3131-AD59-15DA265FFA38} = {7B47C457-22D8-3131-AD59-15DA265FFA38}
		{DE122788-322A-31AA-B5BA-3D88812022A2} = {DE122788-322A-31AA-B5BA-3D88812022A2}
		{CFAEBE8B-0910-3AC8-8370-8E962C5AEB52} = {CFAEBE8B-0910-3AC8-8370-8E962C5AEB52}
		{225CC2A8-1995-3687-A595-A0AB62EC736B} = {225CC2A8-1995-3687-A595-A0AB62EC736B}
		{A977E3B6-695E-3DAB-8772-9AB3EC097DD8} = {A977E3B6-695E-3DAB-8772-9AB3EC097DD8}
	EndProjectSection
EndProject
Project("{8BC9CEB8-8B4A-11D0-8D11-00A0C91BC942}") = "stb_image", "external\stb_image\stb_image.vcxproj", "{7B47C457-22D8-3131-AD59-15DA265FFA38}"
	ProjectSection(ProjectDependencies) = postProject
		{CFAEBE8B-0910-3AC8-8370-8E962C5AEB52} = {CFAEBE8B-0910-3AC8-8370-8E962C5AEB52}
	EndProjectSection
EndProject
Project("{8BC9CEB8-8B4A-11D0-8D11-00A0C91BC942}") = "subdivision", "examples\subdivision.vcxproj", "{F3B45C31-1F09-3E6C-86C9-278C55C4DCDD}"
	ProjectSection(ProjectDependencies) = postProject
		{A8CDAE15-6B48-3C08-B458-9E11F9283BAC} = {A8CDAE15-6B48-3C08-B458-9E11F9283BAC}
		{9C3D2D38-E183-3A09-AA13-3C5E10E09AD4} = {9C3D2D38-E183-3A09-AA13-3C5E10E09AD4}
		{7B47C457-22D8-3131-AD59-15DA265FFA38} = {7B47C457-22D8-3131-AD59-15DA265FFA38}
		{DE122788-322A-31AA-B5BA-3D88812022A2} = {DE122788-322A-31AA-B5BA-3D88812022A2}
		{CFAEBE8B-0910-3AC8-8370-8E962C5AEB52} = {CFAEBE8B-0910-3AC8-8370-8E962C5AEB52}
		{225CC2A8-1995-3687-A595-A0AB62EC736B} = {225CC2A8-1995-3687-A595-A0AB62EC736B}
		{A977E3B6-695E-3DAB-8772-9AB3EC097DD8} = {A977E3B6-695E-3DAB-8772-9AB3EC097DD8}
	EndProjectSection
EndProject
Project("{8BC9CEB8-8B4A-11D0-8D11-00A0C91BC942}") = "uninstall", "uninstall.vcxproj", "{88B8C6BC-79D6-3577-B993-8472C2A0FDCF}"
	ProjectSection(ProjectDependencies) = postProject
		{CFAEBE8B-0910-3AC8-8370-8E962C5AEB52} = {CFAEBE8B-0910-3AC8-8370-8E962C5AEB52}
	EndProjectSection
EndProject
Project("{8BC9CEB8-8B4A-11D0-8D11-00A0C91BC942}") = "update_mappings", "external\glew\src\update_mappings.vcxproj", "{47A0FF68-F084-37BD-92B1-1FC354E1CC30}"
	ProjectSection(ProjectDependencies) = postProject
		{CFAEBE8B-0910-3AC8-8370-8E962C5AEB52} = {CFAEBE8B-0910-3AC8-8370-8E962C5AEB52}
	EndProjectSection
EndProject
Global
	GlobalSection(SolutionConfigurationPlatforms) = preSolution
		Debug|x64 = Debug|x64
		MinSizeRel|x64 = MinSizeRel|x64
		Release|x64 = Release|x64
		RelWithDebInfo|x64 = RelWithDebInfo|x64
	EndGlobalSection
	GlobalSection(ProjectConfigurationPlatforms) = postSolution
		{A9093D44-F688-32AD-9D05-89F78D156019}.Debug|x64.ActiveCfg = Debug|x64
		{A9093D44-F688-32AD-9D05-89F78D156019}.Debug|x64.Build.0 = Debug|x64
		{A9093D44-F688-32AD-9D05-89F78D156019}.MinSizeRel|x64.ActiveCfg = MinSizeRel|x64
		{A9093D44-F688-32AD-9D05-89F78D156019}.MinSizeRel|x64.Build.0 = MinSizeRel|x64
		{A9093D44-F688-32AD-9D05-89F78D156019}.Release|x64.ActiveCfg = Release|x64
		{A9093D44-F688-32AD-9D05-89F78D156019}.Release|x64.Build.0 = Release|x64
		{A9093D44-F688-32AD-9D05-89F78D156019}.RelWithDebInfo|x64.ActiveCfg = RelWithDebInfo|x64
		{A9093D44-F688-32AD-9D05-89F78D156019}.RelWithDebInfo|x64.Build.0 = RelWithDebInfo|x64
		{C513D0A4-4DAD-34AC-91A1-70ADF0A66161}.Debug|x64.ActiveCfg = Debug|x64
		{C513D0A4-4DAD-34AC-91A1-70ADF0A66161}.MinSizeRel|x64.ActiveCfg = MinSizeRel|x64
		{C513D0A4-4DAD-34AC-91A1-70ADF0A66161}.Release|x64.ActiveCfg = Release|x64
		{C513D0A4-4DAD-34AC-91A1-70ADF0A66161}.RelWithDebInfo|x64.ActiveCfg = RelWithDebInfo|x64
		{B148F8F7-8C9F-3A0D-9025-95104E611F23}.Debug|x64.ActiveCfg = Debug|x64
		{B148F8F7-8C9F-3A0D-9025-95104E611F23}.MinSizeRel|x64.ActiveCfg = MinSizeRel|x64
		{B148F8F7-8C9F-3A0D-9025-95104E611F23}.Release|x64.ActiveCfg = Release|x64
		{B148F8F7-8C9F-3A0D-9025-95104E611F23}.RelWithDebInfo|x64.ActiveCfg = RelWithDebInfo|x64
		{CFAEBE8B-0910-3AC8-8370-8E962C5AEB52}.Debug|x64.ActiveCfg = Debug|x64
		{CFAEBE8B-0910-3AC8-8370-8E962C5AEB52}.Debug|x64.Build.0 = Debug|x64
		{CFAEBE8B-0910-3AC8-8370-8E962C5AEB52}.MinSizeRel|x64.ActiveCfg = MinSizeRel|x64
		{CFAEBE8B-0910-3AC8-8370-8E962C5AEB52}.MinSizeRel|x64.Build.0 = MinSizeRel|x64
		{CFAEBE8B-0910-3AC8-8370-8E962C5AEB52}.Release|x64.ActiveCfg = Release|x64
		{CFAEBE8B-0910-3AC8-8370-8E962C5AEB52}.Release|x64.Build.0 = Release|x64
		{CFAEBE8B-0910-3AC8-8370-8E962C5AEB52}.RelWithDebInfo|x64.ActiveCfg = RelWithDebInfo|x64
		{CFAEBE8B-0910-3AC8-8370-8E962C5AEB52}.RelWithDebInfo|x64.Build.0 = RelWithDebInfo|x64
		{1611FC2D-8BF7-3F15-8058-41C192E98138}.Debug|x64.ActiveCfg = Debug|x64
		{1611FC2D-8BF7-3F15-8058-41C192E98138}.Debug|x64.Build.0 = Debug|x64
		{1611FC2D-8BF7-3F15-8058-41C192E98138}.MinSizeRel|x64.ActiveCfg = MinSizeRel|x64
		{1611FC2D-8BF7-3F15-8058-41C192E98138}.MinSizeRel|x64.Build.0 = MinSizeRel|x64
		{1611FC2D-8BF7-3F15-8058-41C192E98138}.Release|x64.ActiveCfg = Release|x64
		{1611FC2D-8BF7-3F15-8058-41C192E98138}.Release|x64.Build.0 = Release|x64
		{1611FC2D-8BF7-3F15-8058-41C192E98138}.RelWithDebInfo|x64.ActiveCfg = RelWithDebInfo|x64
		{1611FC2D-8BF7-3F15-8058-41C192E98138}.RelWithDebInfo|x64.Build.0 = RelWithDebInfo|x64
		{3FADE12E-309A-3523-826D-C4CF41085D9E}.Debug|x64.ActiveCfg = Debug|x64
		{3FADE12E-309A-3523-826D-C4CF41085D9E}.Debug|x64.Build.0 = Debug|x64
		{3FADE12E-309A-3523-826D-C4CF41085D9E}.MinSizeRel|x64.ActiveCfg = MinSizeRel|x64
		{3FADE12E-309A-3523-826D-C4CF41085D9E}.MinSizeRel|x64.Build.0 = MinSizeRel|x64
		{3FADE12E-309A-3523-826D-C4CF41085D9E}.Release|x64.ActiveCfg = Release|x64
		{3FADE12E-309A-3523-826D-C4CF41085D9E}.Release|x64.Build.0 = Release|x64
		{3FADE12E-309A-3523-826D-C4CF41085D9E}.RelWithDebInfo|x64.ActiveCfg = RelWithDebInfo|x64
		{3FADE12E-309A-3523-826D-C4CF41085D9E}.RelWithDebInfo|x64.Build.0 = RelWithDebInfo|x64
		{644C23BD-554B-3B01-96BA-91007A890882}.Debug|x64.ActiveCfg = Debug|x64
		{644C23BD-554B-3B01-96BA-91007A890882}.Debug|x64.Build.0 = Debug|x64
		{644C23BD-554B-3B01-96BA-91007A890882}.MinSizeRel|x64.ActiveCfg = MinSizeRel|x64
		{644C23BD-554B-3B01-96BA-91007A890882}.MinSizeRel|x64.Build.0 = MinSizeRel|x64
		{644C23BD-554B-3B01-96BA-91007A890882}.Release|x64.ActiveCfg = Release|x64
		{644C23BD-554B-3B01-96BA-91007A890882}.Release|x64.Build.0 = Release|x64
		{644C23BD-554B-3B01-96BA-91007A890882}.RelWithDebInfo|x64.ActiveCfg = RelWithDebInfo|x64
		{644C23BD-554B-3B01-96BA-91007A890882}.RelWithDebInfo|x64.Build.0 = RelWithDebInfo|x64
		{C6129166-7B44-3827-854E-7539CFBAEC2A}.Debug|x64.ActiveCfg = Debug|x64
		{C6129166-7B44-3827-854E-7539CFBAEC2A}.Debug|x64.Build.0 = Debug|x64
		{C6129166-7B44-3827-854E-7539CFBAEC2A}.MinSizeRel|x64.ActiveCfg = MinSizeRel|x64
		{C6129166-7B44-3827-854E-7539CFBAEC2A}.MinSizeRel|x64.Build.0 = MinSizeRel|x64
		{C6129166-7B44-3827-854E-7539CFBAEC2A}.Release|x64.ActiveCfg = Release|x64
		{C6129166-7B44-3827-854E-7539CFBAEC2A}.Release|x64.Build.0 = Release|x64
		{C6129166-7B44-3827-854E-7539CFBAEC2A}.RelWithDebInfo|x64.ActiveCfg = RelWithDebInfo|x64
		{C6129166-7B44-3827-854E-7539CFBAEC2A}.RelWithDebInfo|x64.Build.0 = RelWithDebInfo|x64
		{7C80B8C1-46F5-3434-A481-3E14B6154158}.Debug|x64.ActiveCfg = Debug|x64
		{7C80B8C1-46F5-3434-A481-3E14B6154158}.MinSizeRel|x64.ActiveCfg = MinSizeRel|x64
		{7C80B8C1-46F5-3434-A481-3E14B6154158}.Release|x64.ActiveCfg = Release|x64
		{7C80B8C1-46F5-3434-A481-3E14B6154158}.RelWithDebInfo|x64.ActiveCfg = RelWithDebInfo|x64
		{DDC1507B-9DD3-37DB-B650-222CB58B9515}.Debug|x64.ActiveCfg = Debug|x64
		{DDC1507B-9DD3-37DB-B650-222CB58B9515}.Debug|x64.Build.0 = Debug|x64
		{DDC1507B-9DD3-37DB-B650-222CB58B9515}.MinSizeRel|x64.ActiveCfg = MinSizeRel|x64
		{DDC1507B-9DD3-37DB-B650-222CB58B9515}.MinSizeRel|x64.Build.0 = MinSizeRel|x64
		{DDC1507B-9DD3-37DB-B650-222CB58B9515}.Release|x64.ActiveCfg = Release|x64
		{DDC1507B-9DD3-37DB-B650-222CB58B9515}.Release|x64.Build.0 = Release|x64
		{DDC1507B-9DD3-37DB-B650-222CB58B9515}.RelWithDebInfo|x64.ActiveCfg = RelWithDebInfo|x64
		{DDC1507B-9DD3-37DB-B650-222CB58B9515}.RelWithDebInfo|x64.Build.0 = RelWithDebInfo|x64
		{9C3D2D38-E183-3A09-AA13-3C5E10E09AD4}.Debug|x64.ActiveCfg = Debug|x64
		{9C3D2D38-E183-3A09-AA13-3C5E10E09AD4}.Debug|x64.Build.0 = Debug|x64
		{9C3D2D38-E183-3A09-AA13-3C5E10E09AD4}.MinSizeRel|x64.ActiveCfg = MinSizeRel|x64
		{9C3D2D38-E183-3A09-AA13-3C5E10E09AD4}.MinSizeRel|x64.Build.0 = MinSizeRel|x64
		{9C3D2D38-E183-3A09-AA13-3C5E10E09AD4}.Release|x64.ActiveCfg = Release|x64
		{9C3D2D38-E183-3A09-AA13-3C5E10E09AD4}.Release|x64.Build.0 = Release|x64
		{9C3D2D38-E183-3A09-AA13-3C5E10E09AD4}.RelWithDebInfo|x64.ActiveCfg = RelWithDebInfo|x64
		{9C3D2D38-E183-3A09-AA13-3C5E10E09AD4}.RelWithDebInfo|x64.Build.0 = RelWithDebInfo|x64
		{A977E3B6-695E-3DAB-8772-9AB3EC097DD8}.Debug|x64.ActiveCfg = Debug|x64
		{A977E3B6-695E-3DAB-8772-9AB3EC097DD8}.Debug|x64.Build.0 = Debug|x64
		{A977E3B6-695E-3DAB-8772-9AB3EC097DD8}.MinSizeRel|x64.ActiveCfg = MinSizeRel|x64
		{A977E3B6-695E-3DAB-8772-9AB3EC097DD8}.MinSizeRel|x64.Build.0 = MinSizeRel|x64
		{A977E3B6-695E-3DAB-8772-9AB3EC097DD8}.Release|x64.ActiveCfg = Release|x64
		{A977E3B6-695E-3DAB-8772-9AB3EC097DD8}.Release|x64.Build.0 = Release|x64
		{A977E3B6-695E-3DAB-8772-9AB3EC097DD8}.RelWithDebInfo|x64.ActiveCfg = RelWithDebInfo|x64
		{A977E3B6-695E-3DAB-8772-9AB3EC097DD8}.RelWithDebInfo|x64.Build.0 = RelWithDebInfo|x64
		{4538FA0C-5346-3307-BDDB-F90075FAB802}.Debug|x64.ActiveCfg = Debug|x64
		{4538FA0C-5346-3307-BDDB-F90075FAB802}.Debug|x64.Build.0 = Debug|x64
		{4538FA0C-5346-3307-BDDB-F90075FAB802}.MinSizeRel|x64.ActiveCfg = MinSizeRel|x64
		{4538FA0C-5346-3307-BDDB-F90075FAB802}.MinSizeRel|x64.Build.0 = MinSizeRel|x64
		{4538FA0C-5346-3307-BDDB-F90075FAB802}.Release|x64.ActiveCfg = Release|x64
		{4538FA0C-5346-3307-BDDB-F90075FAB802}.Release|x64.Build.0 = Release|x64
		{4538FA0C-5346-3307-BDDB-F90075FAB802}.RelWithDebInfo|x64.ActiveCfg = RelWithDebInfo|x64
		{4538FA0C-5346-3307-BDDB-F90075FAB802}.RelWithDebInfo|x64.Build.0 = RelWithDebInfo|x64
		{530623A4-7917-363A-8A15-FD5772AEA1D7}.Debug|x64.ActiveCfg = Debug|x64
		{530623A4-7917-363A-8A15-FD5772AEA1D7}.Debug|x64.Build.0 = Debug|x64
		{530623A4-7917-363A-8A15-FD5772AEA1D7}.MinSizeRel|x64.ActiveCfg = MinSizeRel|x64
		{530623A4-7917-363A-8A15-FD5772AEA1D7}.MinSizeRel|x64.Build.0 = MinSizeRel|x64
		{530623A4-7917-363A-8A15-FD5772AEA1D7}.Release|x64.ActiveCfg = Release|x64
		{530623A4-7917-363A-8A15-FD5772AEA1D7}.Release|x64.Build.0 = Release|x64
		{530623A4-7917-363A-8A15-FD5772AEA1D7}.RelWithDebInfo|x64.ActiveCfg = RelWithDebInfo|x64
		{530623A4-7917-363A-8A15-FD5772AEA1D7}.RelWithDebInfo|x64.Build.0 = RelWithDebInfo|x64
		{DE122788-322A-31AA-B5BA-3D88812022A2}.Debug|x64.ActiveCfg = Debug|x64
		{DE122788-322A-31AA-B5BA-3D88812022A2}.Debug|x64.Build.0 = Debug|x64
		{DE122788-322A-31AA-B5BA-3D88812022A2}.MinSizeRel|x64.ActiveCfg = MinSizeRel|x64
		{DE122788-322A-31AA-B5BA-3D88812022A2}.MinSizeRel|x64.Build.0 = MinSizeRel|x64
		{DE122788-322A-31AA-B5BA-3D88812022A2}.Release|x64.ActiveCfg = Release|x64
		{DE122788-322A-31AA-B5BA-3D88812022A2}.Release|x64.Build.0 = Release|x64
		{DE122788-322A-31AA-B5BA-3D88812022A2}.RelWithDebInfo|x64.ActiveCfg = RelWithDebInfo|x64
		{DE122788-322A-31AA-B5BA-3D88812022A2}.RelWithDebInfo|x64.Build.0 = RelWithDebInfo|x64
		{96595360-F02B-31E8-A17E-550CB0271139}.Debug|x64.ActiveCfg = Debug|x64
		{96595360-F02B-31E8-A17E-550CB0271139}.Debug|x64.Build.0 = Debug|x64
		{96595360-F02B-31E8-A17E-550CB0271139}.MinSizeRel|x64.ActiveCfg = MinSizeRel|x64
		{96595360-F02B-31E8-A17E-550CB0271139}.MinSizeRel|x64.Build.0 = MinSizeRel|x64
		{96595360-F02B-31E8-A17E-550CB0271139}.Release|x64.ActiveCfg = Release|x64
		{96595360-F02B-31E8-A17E-550CB0271139}.Release|x64.Build.0 = Release|x64
		{96595360-F02B-31E8-A17E-550CB0271139}.RelWithDebInfo|x64.ActiveCfg = RelWithDebInfo|x64
		{96595360-F02B-31E8-A17E-550CB0271139}.RelWithDebInfo|x64.Build.0 = RelWithDebInfo|x64
		{1F01D417-2283-326A-A9D1-549E14BE0F1D}.Debug|x64.ActiveCfg = Debug|x64
		{1F01D417-2283-326A-A9D1-549E14BE0F1D}.Debug|x64.Build.0 = Debug|x64
		{1F01D417-2283-326A-A9D1-549E14BE0F1D}.MinSizeRel|x64.ActiveCfg = MinSizeRel|x64
		{1F01D417-2283-326A-A9D1-549E14BE0F1D}.MinSizeRel|x64.Build.0 = MinSizeRel|x64
		{1F01D417-2283-326A-A9D1-549E14BE0F1D}.Release|x64.ActiveCfg = Release|x64
		{1F01D417-2283-326A-A9D1-549E14BE0F1D}.Release|x64.Build.0 = Release|x64
		{1F01D417-2283-326A-A9D1-549E14BE0F1D}.RelWithDebInfo|x64.ActiveCfg = RelWithDebInfo|x64
		{1F01D417-2283-326A-A9D1-549E14BE0F1D}.RelWithDebInfo|x64.Build.0 = RelWithDebInfo|x64
		{F4FD88D7-1DBF-3750-99D3-644612D10283}.Debug|x64.ActiveCfg = Debug|x64
		{F4FD88D7-1DBF-3750-99D3-644612D10283}.Debug|x64.Build.0 = Debug|x64
		{F4FD88D7-1DBF-3750-99D3-644612D10283}.MinSizeRel|x64.ActiveCfg = MinSizeRel|x64
		{F4FD88D7-1DBF-3750-99D3-644612D10283}.MinSizeRel|x64.Build.0 = MinSizeRel|x64
		{F4FD88D7-1DBF-3750-99D3-644612D10283}.Release|x64.ActiveCfg = Release|x64
		{F4FD88D7-1DBF-3750-99D3-644612D10283}.Release|x64.Build.0 = Release|x64
		{F4FD88D7-1DBF-3750-99D3-644612D10283}.RelWithDebInfo|x64.ActiveCfg = RelWithDebInfo|x64
		{F4FD88D7-1DBF-3750-99D3-644612D10283}.RelWithDebInfo|x64.Build.0 = RelWithDebInfo|x64
		{997E7AD5-51B5-3DE7-B2F2-8E4ADD87CFBB}.Debug|x64.ActiveCfg = Debug|x64
		{997E7AD5-51B5-3DE7-B2F2-8E4ADD87CFBB}.Debug|x64.Build.0 = Debug|x64
		{997E7AD5-51B5-3DE7-B2F2-8E4ADD87CFBB}.MinSizeRel|x64.ActiveCfg = MinSizeRel|x64
		{997E7AD5-51B5-3DE7-B2F2-8E4ADD87CFBB}.MinSizeRel|x64.Build.0 = MinSizeRel|x64
		{997E7AD5-51B5-3DE7-B2F2-8E4ADD87CFBB}.Release|x64.ActiveCfg = Release|x64
		{997E7AD5-51B5-3DE7-B2F2-8E4ADD87CFBB}.Release|x64.Build.0 = Release|x64
		{997E7AD5-51B5-3DE7-B2F2-8E4ADD87CFBB}.RelWithDebInfo|x64.ActiveCfg = RelWithDebInfo|x64
		{997E7AD5-51B5-3DE7-B2F2-8E4ADD87CFBB}.RelWithDebInfo|x64.Build.0 = RelWithDebInfo|x64
		{2D2E36AB-0F3F-3542-BE52-D2CFBEA8FA25}.Debug|x64.ActiveCfg = Debug|x64
		{2D2E36AB-0F3F-3542-BE52-D2CFBEA8FA25}.Debug|x64.Build.0 = Debug|x64
		{2D2E36AB-0F3F-3542-BE52-D2CFBEA8FA25}.MinSizeRel|x64.ActiveCfg = MinSizeRel|x64
		{2D2E36AB-0F3F-3542-BE52-D2CFBEA8FA25}.MinSizeRel|x64.Build.0 = MinSizeRel|x64
		{2D2E36AB-0F3F-3542-BE52-D2CFBEA8FA25}.Release|x64.ActiveCfg = Release|x64
		{2D2E36AB-0F3F-3542-BE52-D2CFBEA8FA25}.Release|x64.Build.0 = Release|x64
		{2D2E36AB-0F3F-3542-BE52-D2CFBEA8FA25}.RelWithDebInfo|x64.ActiveCfg = RelWithDebInfo|x64
		{2D2E36AB-0F3F-3542-BE52-D2CFBEA8FA25}.RelWithDebInfo|x64.Build.0 = RelWithDebInfo|x64
		{225CC2A8-1995-3687-A595-A0AB62EC736B}.Debug|x64.ActiveCfg = Debug|x64
		{225CC2A8-1995-3687-A595-A0AB62EC736B}.Debug|x64.Build.0 = Debug|x64
		{225CC2A8-1995-3687-A595-A0AB62EC736B}.MinSizeRel|x64.ActiveCfg = MinSizeRel|x64
		{225CC2A8-1995-3687-A595-A0AB62EC736B}.MinSizeRel|x64.Build.0 = MinSizeRel|x64
		{225CC2A8-1995-3687-A595-A0AB62EC736B}.Release|x64.ActiveCfg = Release|x64
		{225CC2A8-1995-3687-A595-A0AB62EC736B}.Release|x64.Build.0 = Release|x64
		{225CC2A8-1995-3687-A595-A0AB62EC736B}.RelWithDebInfo|x64.ActiveCfg = RelWithDebInfo|x64
		{225CC2A8-1995-3687-A595-A0AB62EC736B}.RelWithDebInfo|x64.Build.0 = RelWithDebInfo|x64
		{A8CDAE15-6B48-3C08-B458-9E11F9283BAC}.Debug|x64.ActiveCfg = Debug|x64
		{A8CDAE15-6B48-3C08-B458-9E11F9283BAC}.Debug|x64.Build.0 = Debug|x64
		{A8CDAE15-6B48-3C08-B458-9E11F9283BAC}.MinSizeRel|x64.ActiveCfg = MinSizeRel|x64
		{A8CDAE15-6B48-3C08-B458-9E11F9283BAC}.MinSizeRel|x64.Build.0 = MinSizeRel|x64
		{A8CDAE15-6B48-3C08-B458-9E11F9283BAC}.Release|x64.ActiveCfg = Release|x64
		{A8CDAE15-6B48-3C08-B458-9E11F9283BAC}.Release|x64.Build.0 = Release|x64
		{A8CDAE15-6B48-3C08-B458-9E11F9283BAC}.RelWithDebInfo|x64.ActiveCfg = RelWithDebInfo|x64
		{A8CDAE15-6B48-3C08-B458-9E11F9283BAC}.RelWithDebInfo|x64.Build.0 = RelWithDebInfo|x64
		{28F159C7-FD92-3C90-9F66-A9B5D89E1729}.Debug|x64.ActiveCfg = Debug|x64
		{28F159C7-FD92-3C90-9F66-A9B5D89E1729}.Debug|x64.Build.0 = Debug|x64
		{28F159C7-FD92-3C90-9F66-A9B5D89E1729}.MinSizeRel|x64.ActiveCfg = MinSizeRel|x64
		{28F159C7-FD92-3C90-9F66-A9B5D89E1729}.MinSizeRel|x64.Build.0 = MinSizeRel|x64
		{28F159C7-FD92-3C90-9F66-A9B5D89E1729}.Release|x64.ActiveCfg = Release|x64
		{28F159C7-FD92-3C90-9F66-A9B5D89E1729}.Release|x64.Build.0 = Release|x64
		{28F159C7-FD92-3C90-9F66-A9B5D89E1729}.RelWithDebInfo|x64.ActiveCfg = RelWithDebInfo|x64
		{28F159C7-FD92-3C90-9F66-A9B5D89E1729}.RelWithDebInfo|x64.Build.0 = RelWithDebInfo|x64
		{FDC809A5-69B2-3B58-8961-3DC131F23CD7}.Debug|x64.ActiveCfg = Debug|x64
		{FDC809A5-69B2-3B58-8961-3DC131F23CD7}.Debug|x64.Build.0 = Debug|x64
		{FDC809A5-69B2-3B58-8961-3DC131F23CD7}.MinSizeRel|x64.ActiveCfg = MinSizeRel|x64
		{FDC809A5-69B2-3B58-8961-3DC131F23CD7}.MinSizeRel|x64.Build.0 = MinSizeRel|x64
		{FDC809A5-69B2-3B58-8961-3DC131F23CD7}.Release|x64.ActiveCfg = Release|x64
		{FDC809A5-69B2-3B58-8961-3DC131F23CD7}.Release|x64.Build.0 = Release|x64
		{FDC809A5-69B2-3B58-8961-3DC131F23CD7}.RelWithDebInfo|x64.ActiveCfg = RelWithDebInfo|x64
		{FDC809A5-69B2-3B58-8961-3DC131F23CD7}.RelWithDebInfo|x64.Build.0 = RelWithDebInfo|x64
		{E2BA2A2D-F7B6-3799-AF20-BB2474A315AC}.Debug|x64.ActiveCfg = Debug|x64
		{E2BA2A2D-F7B6-3799-AF20-BB2474A315AC}.Debug|x64.Build.0 = Debug|x64
		{E2BA2A2D-F7B6-3799-AF20-BB2474A315AC}.MinSizeRel|x64.ActiveCfg = MinSizeRel|x64
		{E2BA2A2D-F7B6-3799-AF20-BB2474A315AC}.MinSizeRel|x64.Build.0 = MinSizeRel|x64
		{E2BA2A2D-F7B6-3799-AF20-BB2474A315AC}.Release|x64.ActiveCfg = Release|x64
		{E2BA2A2D-F7B6-3799-AF20-BB2474A315AC}.Release|x64.Build.0 = Release|x64
		{E2BA2A2D-F7B6-3799-AF20-BB2474A315AC}.RelWithDebInfo|x64.ActiveCfg = RelWithDebInfo|x64
		{E2BA2A2D-F7B6-3799-AF20-BB2474A315AC}.RelWithDebInfo|x64.Build.0 = RelWithDebInfo|x64
		{A0AFFCEC-F342-35C1-BC95-A8CA39B67DD8}.Debug|x64.ActiveCfg = Debug|x64
		{A0AFFCEC-F342-35C1-BC95-A8CA39B67DD8}.Debug|x64.Build.0 = Debug|x64
		{A0AFFCEC-F342-35C1-BC95-A8CA39B67DD8}.MinSizeRel|x64.ActiveCfg = MinSizeRel|x64
		{A0AFFCEC-F342-35C1-BC95-A8CA39B67DD8}.MinSizeRel|x64.Build.0 = MinSizeRel|x64
		{A0AFFCEC-F342-35C1-BC95-A8CA39B67DD8}.Release|x64.ActiveCfg = Release|x64
		{A0AFFCEC-F342-35C1-BC95-A8CA39B67DD8}.Release|x64.Build.0 = Release|x64
		{A0AFFCEC-F342-35C1-BC95-A8CA39B67DD8}.RelWithDebInfo|x64.ActiveCfg = RelWithDebInfo|x64
		{A0AFFCEC-F342-35C1-BC95-A8CA39B67DD8}.RelWithDebInfo|x64.Build.0 = RelWithDebInfo|x64
		{7B47C457-22D8-3131-AD59-15DA265FFA38}.Debug|x64.ActiveCfg = Debug|x64
		{7B47C457-22D8-3131-AD59-15DA265FFA38}.Debug|x64.Build.0 = Debug|x64
		{7B47C457-22D8-3131-AD59-15DA265FFA38}.MinSizeRel|x64.ActiveCfg = MinSizeRel|x64
		{7B47C457-22D8-3131-AD59-15DA265FFA38}.MinSizeRel|x64.Build.0 = MinSizeRel|x64
		{7B47C457-22D8-3131-AD59-15DA265FFA38}.Release|x64.ActiveCfg = Release|x64
		{7B47C457-22D8-3131-AD59-15DA265FFA38}.Release|x64.Build.0 = Release|x64
		{7B47C457-22D8-3131-AD59-15DA265FFA38}.RelWithDebInfo|x64.ActiveCfg = RelWithDebInfo|x64
		{7B47C457-22D8-3131-AD59-15DA265FFA38}.RelWithDebInfo|x64.Build.0 = RelWithDebInfo|x64
		{F3B45C31-1F09-3E6C-86C9-278C55C4DCDD}.Debug|x64.ActiveCfg = Debug|x64
		{F3B45C31-1F09-3E6C-86C9-278C55C4DCDD}.Debug|x64.Build.0 = Debug|x64
		{F3B45C31-1F09-3E6C-86C9-278C55C4DCDD}.MinSizeRel|x64.ActiveCfg = MinSizeRel|x64
		{F3B45C31-1F09-3E6C-86C9-278C55C4DCDD}.MinSizeRel|x64.Build.0 = MinSizeRel|x64
		{F3B45C31-1F09-3E6C-86C9-278C55C4DCDD}.Release|x64.ActiveCfg = Release|x64
		{F3B45C31-1F09-3E6C-86C9-278C55C4DCDD}.Release|x64.Build.0 = Release|x64
		{F3B45C31-1F09-3E6C-86C9-278C55C4DCDD}.RelWithDebInfo|x64.ActiveCfg = RelWithDebInfo|x64
		{F3B45C31-1F09-3E6C-86C9-278C55C4DCDD}.RelWithDebInfo|x64.Build.0 = RelWithDebInfo|x64
		{88B8C6BC-79D6-3577-B993-8472C2A0FDCF}.Debug|x64.ActiveCfg = Debug|x64
		{88B8C6BC-79D6-3577-B993-8472C2A0FDCF}.MinSizeRel|x64.ActiveCfg = MinSizeRel|x64
		{88B8C6BC-79D6-3577-B993-8472C2A0FDCF}.Release|x64.ActiveCfg = Release|x64
		{88B8C6BC-79D6-3577-B993-8472C2A0FDCF}.RelWithDebInfo|x64.ActiveCfg = RelWithDebInfo|x64
		{47A0FF68-F084-37BD-92B1-1FC354E1CC30}.Debug|x64.ActiveCfg = Debug|x64
		{47A0FF68-F084-37BD-92B1-1FC354E1CC30}.MinSizeRel|x64.ActiveCfg = MinSizeRel|x64
		{47A0FF68-F084-37BD-92B1-1FC354E1CC30}.Release|x64.ActiveCfg = Release|x64
		{47A0FF68-F084-37BD-92B1-1FC354E1CC30}.RelWithDebInfo|x64.ActiveCfg = RelWithDebInfo|x64
	EndGlobalSection
	GlobalSection(SolutionProperties) = preSolution
		HideSolutionNode = FALSE
	EndGlobalSection
	GlobalSection(NestedProjects) = preSolution
		{A9093D44-F688-32AD-9D05-89F78D156019} = {7BA49EB3-AD22-3430-AA95-6A4DB452D71F}
		{C513D0A4-4DAD-34AC-91A1-70ADF0A66161} = {7BA49EB3-AD22-3430-AA95-6A4DB452D71F}
		{B148F8F7-8C9F-3A0D-9025-95104E611F23} = {7BA49EB3-AD22-3430-AA95-6A4DB452D71F}
		{CFAEBE8B-0910-3AC8-8370-8E962C5AEB52} = {7BA49EB3-AD22-3430-AA95-6A4DB452D71F}
		{A977E3B6-695E-3DAB-8772-9AB3EC097DD8} = {ABF26B5B-68A9-3C76-BD74-A785C4202E34}
		{47A0FF68-F084-37BD-92B1-1FC354E1CC30} = {ABF26B5B-68A9-3C76-BD74-A785C4202E34}
	EndGlobalSection
	GlobalSection(ExtensibilityGlobals) = postSolution
		SolutionGuid = {0495D9EC-7BBC-339A-95FE-85C0A1E8F031}
	EndGlobalSection
EndGlobal
